{
  "version": 4,
  "terraform_version": "1.15.8",
  "serial": 1,
  "lineage": "f3f06c00-487f-17c7-ac4f-2752996a5897",
  "outputs": {},
  "resources": [
    {
      "mode": "managed",
      "type": "azurerm_resource_group",
      "name": "rg",
      "provider": "provider[\"registry.terraform.io/hashicorp/azurerm\"]",
      "instances": [
        {
          "schema_version": 0,
          "attributes": {
            "id": "/subscriptions/ada34beb-e1f5-4ae5-83f2-3ab3c999832a/resourceGroups/myTestRG",
            "location": "eastasia",
            "managed_by": "",
            "name": "myTestRG",
            "tags": null,
            "timeouts": null
          },
          "sensitive_attributes": [],
          "identity_schema_version": 0,
          "identity": {
            "name": "myTestRG",
            "subscription_id": "ada34beb-e1f5-4ae5-83f2-3ab3c999832a"
          },
          "private": "eyJlMmJmYjczMC1lY2FhLTExZTYtOGY4OC0zNDM2M2JjN2M0YzAiOnsiY3JlYXRlIjo1NDAwMDAwMDAwMDAwLCJkZWxldGUiOjU0MDAwMDAwMDAwMDAsInJlYWQiOjMwMDAwMDAwMDAwMCwidXBkYXRlIjo1NDAwMDAwMDAwMDAwfX0="
        }
      ]
    }
  ],
  "check_results": null
}
