{
  "version": 4,
  "terraform_version": "1.15.8",
  "serial": 31,
  "lineage": "5140e1ba-388b-490e-6c08-8e36b79f0e1d",
  "outputs": {
    "cluster_name": {
      "value": "aks-prod-cluster",
      "type": "string"
    },
    "resource_group_name": {
      "value": "rg-aks-prod",
      "type": "string"
    }
  },
  "resources": [
    {
      "module": "module.aks",
      "mode": "managed",
      "type": "azurerm_resource_group",
      "name": "aks_rg",
      "provider": "provider[\"registry.terraform.io/hashicorp/azurerm\"]",
      "instances": [
        {
          "schema_version": 0,
          "attributes": {
            "id": "/subscriptions/ada34beb-e1f5-4ae5-83f2-3ab3c999832a/resourceGroups/rg-aks-prod",
            "location": "eastasia",
            "managed_by": "",
            "name": "rg-aks-prod",
            "tags": {
              "Environment": "prod",
              "ManagedBy": "Terraform"
            },
            "timeouts": null
          },
          "sensitive_attributes": [],
          "identity_schema_version": 0,
          "identity": {
            "name": "rg-aks-prod",
            "subscription_id": "ada34beb-e1f5-4ae5-83f2-3ab3c999832a"
          },
          "private": "eyJlMmJmYjczMC1lY2FhLTExZTYtOGY4OC0zNDM2M2JjN2M0YzAiOnsiY3JlYXRlIjo1NDAwMDAwMDAwMDAwLCJkZWxldGUiOjU0MDAwMDAwMDAwMDAsInJlYWQiOjMwMDAwMDAwMDAwMCwidXBkYXRlIjo1NDAwMDAwMDAwMDAwfX0="
        }
      ]
    }
  ],
  "check_results": null
}
